
Microsoft Visual Studio Solution File, Format Version 12.00
# Visual Studio Version 17
VisualStudioVersion = 17.8.34511.84
MinimumVisualStudioVersion = 10.0.40219.1
Project("{FAE04EC0-301F-11D3-BF4B-00C04F79EFBC}") = "Client", "Client.csproj", "{EF93FAD3-3350-4B51-A22E-2D8C86474CAF}"
EndProject
Global
	GlobalSection(SolutionConfigurationPlatforms) = preSolution
		Debug|Any CPU = Debug|Any CPU
		Release|Any CPU = Release|Any CPU
	EndGlobalSection
	GlobalSection(ProjectConfigurationPlatforms) = postSolution
		{EF93FAD3-3350-4B51-A22E-2D8C86474CAF}.Debug|Any CPU.ActiveCfg = Debug|Any CPU
		{EF93FAD3-3350-4B51-A22E-2D8C86474CAF}.Debug|Any CPU.Build.0 = Debug|Any CPU
		{EF93FAD3-3350-4B51-A22E-2D8C86474CAF}.Release|Any CPU.ActiveCfg = Release|Any CPU
		{EF93FAD3-3350-4B51-A22E-2D8C86474CAF}.Release|Any CPU.Build.0 = Release|Any CPU
	EndGlobalSection
	GlobalSection(SolutionProperties) = preSolution
		HideSolutionNode = FALSE
	EndGlobalSection
	GlobalSection(ExtensibilityGlobals) = postSolution
		SolutionGuid = {9B84F8D6-2AB7-4555-9607-51340BD439F1}
	EndGlobalSection
EndGlobal
